Microsoft Visual Studio Solution File, Format Version 12.00
# Visual Studio 14
VisualStudioVersion = 14.0.25420.1
MinimumVisualStudioVersion = 10.0.40219.1
Project("{FAE04EC0-301F-11D3-BF4B-00C04F79EFBC}") = "NewsMonitor.API", "NewsMonitor.API\NewsMonitor.API.csproj", "{80245D99-3EC1-4BA0-A03E-D72186C6182A}"
EndProject
Project("{FAE04EC0-301F-11D3-BF4B-00C04F79EFBC}") = "NewsMonitor.API.ConsoleHost", "NewsMonitor.API.ConsoleHost\NewsMonitor.API.ConsoleHost.csproj", "{1922FEA5-B6AA-4A43-A613-507D3B1D2DEF}"
EndProject
Project("{FAE04EC0-301F-11D3-BF4B-00C04F79EFBC}") = "NewsMonitor.API.ConsoleHost.Tests", "NewsMonitor.API.ConsoleHost.Tests\NewsMonitor.API.ConsoleHost.Tests.csproj", "{CA97117E-CC97-4D40-A51A-7E2F5E3B9FA1}"
EndProject
Global
	GlobalSection(SolutionConfigurationPlatforms) = preSolution
		Debug|Any CPU = Debug|Any CPU
		Release|Any CPU = Release|Any CPU
	EndGlobalSection
	GlobalSection(ProjectConfigurationPlatforms) = postSolution
		{80245D99-3EC1-4BA0-A03E-D72186C6182A}.Debug|Any CPU.ActiveCfg = Debug|Any CPU
		{80245D99-3EC1-4BA0-A03E-D72186C6182A}.Debug|Any CPU.Build.0 = Debug|Any CPU
		{80245D99-3EC1-4BA0-A03E-D72186C6182A}.Release|Any CPU.ActiveCfg = Release|Any CPU
		{80245D99-3EC1-4BA0-A03E-D72186C6182A}.Release|Any CPU.Build.0 = Release|Any CPU
		{1922FEA5-B6AA-4A43-A613-507D3B1D2DEF}.Debug|Any CPU.ActiveCfg = Debug|Any CPU
		{1922FEA5-B6AA-4A43-A613-507D3B1D2DEF}.Debug|Any CPU.Build.0 = Debug|Any CPU
		{1922FEA5-B6AA-4A43-A613-507D3B1D2DEF}.Release|Any CPU.ActiveCfg = Release|Any CPU
		{1922FEA5-B6AA-4A43-A613-507D3B1D2DEF}.Release|Any CPU.Build.0 = Release|Any CPU
		{CA97117E-CC97-4D40-A51A-7E2F5E3B9FA1}.Debug|Any CPU.ActiveCfg = Debug|Any CPU
		{CA97117E-CC97-4D40-A51A-7E2F5E3B9FA1}.Debug|Any CPU.Build.0 = Debug|Any CPU
		{CA97117E-CC97-4D40-A51A-7E2F5E3B9FA1}.Release|Any CPU.ActiveCfg = Release|Any CPU
		{CA97117E-CC97-4D40-A51A-7E2F5E3B9FA1}.Release|Any CPU.Build.0 = Release|Any CPU
	EndGlobalSection
	GlobalSection(SolutionProperties) = preSolution
		HideSolutionNode = FALSE
	EndGlobalSection
EndGlobal
